
Microsoft Visual Studio Solution File, Format Version 12.00
# Visual Studio Version 16
VisualStudioVersion = 16.0.31205.134
MinimumVisualStudioVersion = 10.0.40219.1
Project("{9A19103F-16F7-4668-BE54-9A1E7A4F7556}") = "GrpcServer", "GrpcServer\GrpcServer.csproj", "{AF2376F8-8055-4CF6-8E73-DF890DEBB73F}"
EndProject
Project("{9A19103F-16F7-4668-BE54-9A1E7A4F7556}") = "GrpcClient", "GrpcClient\GrpcClient.csproj", "{4D8DA0A7-10CE-4198-A61B-8C921ED8FA08}"
EndProject
Project("{FAE04EC0-301F-11D3-BF4B-00C04F79EFBC}") = "GrpcWebApp", "GrpcWebApp\GrpcWebApp.csproj", "{63E9B276-B1E7-4507-9397-62D84EDD2A02}"
EndProject
Global
	GlobalSection(SolutionConfigurationPlatforms) = preSolution
		Debug|Any CPU = Debug|Any CPU
		Release|Any CPU = Release|Any CPU
	EndGlobalSection
	GlobalSection(ProjectConfigurationPlatforms) = postSolution
		{AF2376F8-8055-4CF6-8E73-DF890DEBB73F}.Debug|Any CPU.ActiveCfg = Debug|Any CPU
		{AF2376F8-8055-4CF6-8E73-DF890DEBB73F}.Debug|Any CPU.Build.0 = Debug|Any CPU
		{AF2376F8-8055-4CF6-8E73-DF890DEBB73F}.Release|Any CPU.ActiveCfg = Release|Any CPU
		{AF2376F8-8055-4CF6-8E73-DF890DEBB73F}.Release|Any CPU.Build.0 = Release|Any CPU
		{4D8DA0A7-10CE-4198-A61B-8C921ED8FA08}.Debug|Any CPU.ActiveCfg = Debug|Any CPU
		{4D8DA0A7-10CE-4198-A61B-8C921ED8FA08}.Debug|Any CPU.Build.0 = Debug|Any CPU
		{4D8DA0A7-10CE-4198-A61B-8C921ED8FA08}.Release|Any CPU.ActiveCfg = Release|Any CPU
		{4D8DA0A7-10CE-4198-A61B-8C921ED8FA08}.Release|Any CPU.Build.0 = Release|Any CPU
		{63E9B276-B1E7-4507-9397-62D84EDD2A02}.Debug|Any CPU.ActiveCfg = Debug|Any CPU
		{63E9B276-B1E7-4507-9397-62D84EDD2A02}.Debug|Any CPU.Build.0 = Debug|Any CPU
		{63E9B276-B1E7-4507-9397-62D84EDD2A02}.Release|Any CPU.ActiveCfg = Release|Any CPU
		{63E9B276-B1E7-4507-9397-62D84EDD2A02}.Release|Any CPU.Build.0 = Release|Any CPU
	EndGlobalSection
	GlobalSection(SolutionProperties) = preSolution
		HideSolutionNode = FALSE
	EndGlobalSection
	GlobalSection(ExtensibilityGlobals) = postSolution
		SolutionGuid = {EAA9E86B-7627-46B4-A3C0-30DDBB1C66D4}
	EndGlobalSection
EndGlobal
